{
  "name": "build-to-learn",
  "lockfileVersion": 3,
  "requires": true,
  "packages": {
    "": {
      "dependencies": {
        "@slidev/theme-apple-basic": "^0.25.1"
      }
    },
    "node_modules/@slidev/theme-apple-basic": {
      "version": "0.25.1",
      "resolved": "https://registry.npmjs.org/@slidev/theme-apple-basic/-/theme-apple-basic-0.25.1.tgz",
      "integrity": "sha512-saA5yYui+jTT13tP+QJKnWeM8sK0IA1iln2E3sWAJsfKdQHUD3fw8+AlUHLUH6yc8NPq3ewtZcwWx49a/iF8Tg==",
      "license": "MIT",
      "dependencies": {
        "@slidev/types": "^0.47.0",
        "codemirror-theme-vars": "^0.1.2",
        "prism-theme-vars": "^0.2.4"
      },
      "engines": {
        "node": ">=14.0.0",
        "slidev": ">=v0.47.0"
      }
    },
    "node_modules/@slidev/types": {
      "version": "0.47.5",
      "resolved": "https://registry.npmjs.org/@slidev/types/-/types-0.47.5.tgz",
      "integrity": "sha512-X67V4cCgM0Sz50bP8GbVzmiL8DHC2IXvdKcsN7DlxHyf+/T4d9GveeGukwha5Fx3MuYeGZWKag7TFL2ZY4w54A==",
      "license": "MIT",
      "engines": {
        "node": ">=18.0.0"
      },
      "funding": {
        "url": "https://github.com/sponsors/antfu"
      }
    },
    "node_modules/codemirror-theme-vars": {
      "version": "0.1.2",
      "resolved": "https://registry.npmjs.org/codemirror-theme-vars/-/codemirror-theme-vars-0.1.2.tgz",
      "integrity": "sha512-WTau8X2q58b0SOAY9DO+iQVw8JKVEgyQIqArp2D732tcc+pobbMta3bnVMdQdmgwuvNrOFFr6HoxPRoQOgooFA==",
      "license": "MIT",
      "funding": {
        "url": "https://github.com/sponsors/antfu"
      }
    },
    "node_modules/prism-theme-vars": {
      "version": "0.2.5",
      "resolved": "https://registry.npmjs.org/prism-theme-vars/-/prism-theme-vars-0.2.5.tgz",
      "integrity": "sha512-/D8gBTScYzi9afwE6v3TC1U/1YFZ6k+ly17mtVRdLpGy7E79YjJJWkXFgUDHJ2gDksV/ZnXF7ydJ4TvoDm2z/Q==",
      "license": "MIT",
      "funding": {
        "url": "https://github.com/sponsors/antfu"
      }
    }
  }
}
